
Microsoft Visual Studio Solution File, Format Version 12.00
# Visual Studio Version 17
VisualStudioVersion = 17.11.35222.181
MinimumVisualStudioVersion = 10.0.40219.1
Project("{FAE04EC0-301F-11D3-BF4B-00C04F79EFBC}") = "tareas_final", "tareas_final.csproj", "{0B1E909D-5085-4D47-8BAF-0B450F162596}"
EndProject
Global
	GlobalSection(SolutionConfigurationPlatforms) = preSolution
		Debug|Any CPU = Debug|Any CPU
		Release|Any CPU = Release|Any CPU
	EndGlobalSection
	GlobalSection(ProjectConfigurationPlatforms) = postSolution
		{0B1E909D-5085-4D47-8BAF-0B450F162596}.Debug|Any CPU.ActiveCfg = Debug|Any CPU
		{0B1E909D-5085-4D47-8BAF-0B450F162596}.Debug|Any CPU.Build.0 = Debug|Any CPU
		{0B1E909D-5085-4D47-8BAF-0B450F162596}.Release|Any CPU.ActiveCfg = Release|Any CPU
		{0B1E909D-5085-4D47-8BAF-0B450F162596}.Release|Any CPU.Build.0 = Release|Any CPU
	EndGlobalSection
	GlobalSection(SolutionProperties) = preSolution
		HideSolutionNode = FALSE
	EndGlobalSection
	GlobalSection(ExtensibilityGlobals) = postSolution
		SolutionGuid = {914DE64D-7E4F-4621-9B3E-A0D9E13D13FB}
	EndGlobalSection
EndGlobal
